
Microsoft Visual Studio Solution File, Format Version 12.00
# Visual Studio Version 16
VisualStudioVersion = 25.0.1705.4
MinimumVisualStudioVersion = 10.0.40219.1
Project("{2150E333-8FDC-42A3-9474-1A3956D46DE8}") = "Core", "Core", "{8C77D513-30F2-467B-B8A2-464BEF643C28}"
EndProject
Project("{2150E333-8FDC-42A3-9474-1A3956D46DE8}") = "Infrastructure", "Infrastructure", "{F45E6756-E7AF-4D52-9F3A-B05CECBDBC2B}"
EndProject
Project("{FAE04EC0-301F-11D3-BF4B-00C04F79EFBC}") = "MyPro.App.Infrastructure", "Infrastructure\MyPro.App.Infrastructure\MyPro.App.Infrastructure.csproj", "{D6D2BC85-7599-4979-9891-8522CC0410E2}"
EndProject
Project("{2150E333-8FDC-42A3-9474-1A3956D46DE8}") = "Clients", "Clients", "{4849D9F7-BFC9-417E-B81F-3DDC87811CD0}"
EndProject
Project("{FAE04EC0-301F-11D3-BF4B-00C04F79EFBC}") = "MyPro.App.Api", "Clients\MyPro.App.Api\MyPro.App.Api.csproj", "{1D4F39F5-E076-4C58-A837-80A25CE07CBF}"
EndProject
Project("{FAE04EC0-301F-11D3-BF4B-00C04F79EFBC}") = "MyPro.Todo.Infrastructure", "Infrastructure\MyPro.Todo.Infrastructure\MyPro.Todo.Infrastructure.csproj", "{A2463312-6A9F-45BD-9F82-D5933465C668}"
EndProject
Project("{FAE04EC0-301F-11D3-BF4B-00C04F79EFBC}") = "MyPro.IMS.Infrastructure", "Infrastructure\MyPro.IMS.Infrastructure\MyPro.IMS.Infrastructure.csproj", "{6922B05C-139F-4B9B-B1EA-FD1AA91DBFB7}"
EndProject
Project("{FAE04EC0-301F-11D3-BF4B-00C04F79EFBC}") = "MyPro.App.Core", "Core\MyPro.App.Core\MyPro.App.Core.csproj", "{CC014EA0-28CB-4DAC-8153-2E13EFA902A2}"
EndProject
Project("{FAE04EC0-301F-11D3-BF4B-00C04F79EFBC}") = "Test", "Clients\Test\Test.csproj", "{5DDCB3BB-0EBB-4B2D-B855-ECA050807EBF}"
EndProject
Global
	GlobalSection(SolutionConfigurationPlatforms) = preSolution
		Debug|Any CPU = Debug|Any CPU
		Release|Any CPU = Release|Any CPU
	EndGlobalSection
	GlobalSection(ProjectConfigurationPlatforms) = postSolution
		{D6D2BC85-7599-4979-9891-8522CC0410E2}.Debug|Any CPU.ActiveCfg = Debug|Any CPU
		{D6D2BC85-7599-4979-9891-8522CC0410E2}.Debug|Any CPU.Build.0 = Debug|Any CPU
		{D6D2BC85-7599-4979-9891-8522CC0410E2}.Release|Any CPU.ActiveCfg = Release|Any CPU
		{D6D2BC85-7599-4979-9891-8522CC0410E2}.Release|Any CPU.Build.0 = Release|Any CPU
		{1D4F39F5-E076-4C58-A837-80A25CE07CBF}.Debug|Any CPU.ActiveCfg = Debug|Any CPU
		{1D4F39F5-E076-4C58-A837-80A25CE07CBF}.Debug|Any CPU.Build.0 = Debug|Any CPU
		{1D4F39F5-E076-4C58-A837-80A25CE07CBF}.Release|Any CPU.ActiveCfg = Release|Any CPU
		{1D4F39F5-E076-4C58-A837-80A25CE07CBF}.Release|Any CPU.Build.0 = Release|Any CPU
		{A2463312-6A9F-45BD-9F82-D5933465C668}.Debug|Any CPU.ActiveCfg = Debug|Any CPU
		{A2463312-6A9F-45BD-9F82-D5933465C668}.Debug|Any CPU.Build.0 = Debug|Any CPU
		{A2463312-6A9F-45BD-9F82-D5933465C668}.Release|Any CPU.ActiveCfg = Release|Any CPU
		{A2463312-6A9F-45BD-9F82-D5933465C668}.Release|Any CPU.Build.0 = Release|Any CPU
		{6922B05C-139F-4B9B-B1EA-FD1AA91DBFB7}.Debug|Any CPU.ActiveCfg = Debug|Any CPU
		{6922B05C-139F-4B9B-B1EA-FD1AA91DBFB7}.Debug|Any CPU.Build.0 = Debug|Any CPU
		{6922B05C-139F-4B9B-B1EA-FD1AA91DBFB7}.Release|Any CPU.ActiveCfg = Release|Any CPU
		{6922B05C-139F-4B9B-B1EA-FD1AA91DBFB7}.Release|Any CPU.Build.0 = Release|Any CPU
		{CC014EA0-28CB-4DAC-8153-2E13EFA902A2}.Debug|Any CPU.ActiveCfg = Debug|Any CPU
		{CC014EA0-28CB-4DAC-8153-2E13EFA902A2}.Debug|Any CPU.Build.0 = Debug|Any CPU
		{CC014EA0-28CB-4DAC-8153-2E13EFA902A2}.Release|Any CPU.ActiveCfg = Release|Any CPU
		{CC014EA0-28CB-4DAC-8153-2E13EFA902A2}.Release|Any CPU.Build.0 = Release|Any CPU
		{5DDCB3BB-0EBB-4B2D-B855-ECA050807EBF}.Debug|Any CPU.ActiveCfg = Debug|Any CPU
		{5DDCB3BB-0EBB-4B2D-B855-ECA050807EBF}.Debug|Any CPU.Build.0 = Debug|Any CPU
		{5DDCB3BB-0EBB-4B2D-B855-ECA050807EBF}.Release|Any CPU.ActiveCfg = Release|Any CPU
		{5DDCB3BB-0EBB-4B2D-B855-ECA050807EBF}.Release|Any CPU.Build.0 = Release|Any CPU
	EndGlobalSection
	GlobalSection(SolutionProperties) = preSolution
		HideSolutionNode = FALSE
	EndGlobalSection
	GlobalSection(ExtensibilityGlobals) = postSolution
		SolutionGuid = {FE1559A4-5E0C-4423-8E17-7ECB83ACBB42}
	EndGlobalSection
	GlobalSection(NestedProjects) = preSolution
		{D6D2BC85-7599-4979-9891-8522CC0410E2} = {F45E6756-E7AF-4D52-9F3A-B05CECBDBC2B}
		{1D4F39F5-E076-4C58-A837-80A25CE07CBF} = {4849D9F7-BFC9-417E-B81F-3DDC87811CD0}
		{A2463312-6A9F-45BD-9F82-D5933465C668} = {F45E6756-E7AF-4D52-9F3A-B05CECBDBC2B}
		{6922B05C-139F-4B9B-B1EA-FD1AA91DBFB7} = {F45E6756-E7AF-4D52-9F3A-B05CECBDBC2B}
		{CC014EA0-28CB-4DAC-8153-2E13EFA902A2} = {8C77D513-30F2-467B-B8A2-464BEF643C28}
		{5DDCB3BB-0EBB-4B2D-B855-ECA050807EBF} = {4849D9F7-BFC9-417E-B81F-3DDC87811CD0}
	EndGlobalSection
EndGlobal
